PODS:
  - Nimble (8.1.2)
  - Quick (3.0.0)
  - Sparkle (1.24.0)

DEPENDENCIES:
  - Nimble
  - Quick
  - Sparkle

SPEC REPOS:
  trunk:
    - Nimble
    - Quick
    - Sparkle

SPEC CHECKSUMS:
  Nimble: 3864815b4703c7ebffba875973c70e854489fbae
  Quick: 6d9559f40647bc4d510103842ef2fdd882d753e2
  Sparkle: 270cd27377bf04e9c128af06e3a22d0f572d6ee3

PODFILE CHECKSUM: dc28f491260ac536f53535d24f79b53d40aaad9b

COCOAPODS: 1.10.0
